
Microsoft Visual Studio Solution File, Format Version 12.00
# Visual Studio 15
VisualStudioVersion = 15.0.27130.2026
MinimumVisualStudioVersion = 10.0.40219.1
Project("{FAE04EC0-301F-11D3-BF4B-00C04F79EFBC}") = "RepeaterViewDemo.Android", "RepeaterViewDemo\RepeaterViewDemo.Android\RepeaterViewDemo.Android.csproj", "{A681930C-8E3B-42B6-8D4C-8E84648926AD}"
EndProject
Project("{FAE04EC0-301F-11D3-BF4B-00C04F79EFBC}") = "RepeaterViewDemo.iOS", "RepeaterViewDemo\RepeaterViewDemo.iOS\RepeaterViewDemo.iOS.csproj", "{D7085F70-3544-43C2-9D96-772E51FE979C}"
EndProject
Project("{FAE04EC0-301F-11D3-BF4B-00C04F79EFBC}") = "RepeaterViewDemo.UWP", "RepeaterViewDemo\RepeaterViewDemo.UWP\RepeaterViewDemo.UWP.csproj", "{FFCE5025-1CFD-4E01-AF50-CF8160345378}"
EndProject
Project("{FAE04EC0-301F-11D3-BF4B-00C04F79EFBC}") = "RepeaterViewDemo", "RepeaterViewDemo\RepeaterViewDemo\RepeaterViewDemo.csproj", "{7101CAB3-7F40-4043-8DE3-555FF2E1B79C}"
EndProject
Global
	GlobalSection(SolutionConfigurationPlatforms) = preSolution
		Ad-Hoc|Any CPU = Ad-Hoc|Any CPU
		Ad-Hoc|ARM = Ad-Hoc|ARM
		Ad-Hoc|iPhone = Ad-Hoc|iPhone
		Ad-Hoc|iPhoneSimulator = Ad-Hoc|iPhoneSimulator
		Ad-Hoc|x64 = Ad-Hoc|x64
		Ad-Hoc|x86 = Ad-Hoc|x86
		AppStore|Any CPU = AppStore|Any CPU
		AppStore|ARM = AppStore|ARM
		AppStore|iPhone = AppStore|iPhone
		AppStore|iPhoneSimulator = AppStore|iPhoneSimulator
		AppStore|x64 = AppStore|x64
		AppStore|x86 = AppStore|x86
		Debug|Any CPU = Debug|Any CPU
		Debug|ARM = Debug|ARM
		Debug|iPhone = Debug|iPhone
		Debug|iPhoneSimulator = Debug|iPhoneSimulator
		Debug|x64 = Debug|x64
		Debug|x86 = Debug|x86
		Release|Any CPU = Release|Any CPU
		Release|ARM = Release|ARM
		Release|iPhone = Release|iPhone
		Release|iPhoneSimulator = Release|iPhoneSimulator
		Release|x64 = Release|x64
		Release|x86 = Release|x86
	EndGlobalSection
	GlobalSection(ProjectConfigurationPlatforms) = postSolution
		{A681930C-8E3B-42B6-8D4C-8E84648926AD}.Ad-Hoc|Any CPU.ActiveCfg = Release|Any CPU
		{A681930C-8E3B-42B6-8D4C-8E84648926AD}.Ad-Hoc|Any CPU.Build.0 = Release|Any CPU
		{A681930C-8E3B-42B6-8D4C-8E84648926AD}.Ad-Hoc|Any CPU.Deploy.0 = Release|Any CPU
		{A681930C-8E3B-42B6-8D4C-8E84648926AD}.Ad-Hoc|ARM.ActiveCfg = Release|Any CPU
		{A681930C-8E3B-42B6-8D4C-8E84648926AD}.Ad-Hoc|ARM.Build.0 = Release|Any CPU
		{A681930C-8E3B-42B6-8D4C-8E84648926AD}.Ad-Hoc|ARM.Deploy.0 = Release|Any CPU
		{A681930C-8E3B-42B6-8D4C-8E84648926AD}.Ad-Hoc|iPhone.ActiveCfg = Release|Any CPU
		{A681930C-8E3B-42B6-8D4C-8E84648926AD}.Ad-Hoc|iPhone.Build.0 = Release|Any CPU
		{A681930C-8E3B-42B6-8D4C-8E84648926AD}.Ad-Hoc|iPhone.Deploy.0 = Release|Any CPU
		{A681930C-8E3B-42B6-8D4C-8E84648926AD}.Ad-Hoc|iPhoneSimulator.ActiveCfg = Release|Any CPU
		{A681930C-8E3B-42B6-8D4C-8E84648926AD}.Ad-Hoc|iPhoneSimulator.Build.0 = Release|Any CPU
		{A681930C-8E3B-42B6-8D4C-8E84648926AD}.Ad-Hoc|iPhoneSimulator.Deploy.0 = Release|Any CPU
		{A681930C-8E3B-42B6-8D4C-8E84648926AD}.Ad-Hoc|x64.ActiveCfg = Release|Any CPU
		{A681930C-8E3B-42B6-8D4C-8E84648926AD}.Ad-Hoc|x64.Build.0 = Release|Any CPU
		{A681930C-8E3B-42B6-8D4C-8E84648926AD}.Ad-Hoc|x64.Deploy.0 = Release|Any CPU
		{A681930C-8E3B-42B6-8D4C-8E84648926AD}.Ad-Hoc|x86.ActiveCfg = Release|Any CPU
		{A681930C-8E3B-42B6-8D4C-8E84648926AD}.Ad-Hoc|x86.Build.0 = Release|Any CPU
		{A681930C-8E3B-42B6-8D4C-8E84648926AD}.Ad-Hoc|x86.Deploy.0 = Release|Any CPU
		{A681930C-8E3B-42B6-8D4C-8E84648926AD}.AppStore|Any CPU.ActiveCfg = Release|Any CPU
		{A681930C-8E3B-42B6-8D4C-8E84648926AD}.AppStore|Any CPU.Build.0 = Release|Any CPU
		{A681930C-8E3B-42B6-8D4C-8E84648926AD}.AppStore|Any CPU.Deploy.0 = Release|Any CPU
		{A681930C-8E3B-42B6-8D4C-8E84648926AD}.AppStore|ARM.ActiveCfg = Release|Any CPU
		{A681930C-8E3B-42B6-8D4C-8E84648926AD}.AppStore|ARM.Build.0 = Release|Any CPU
		{A681930C-8E3B-42B6-8D4C-8E84648926AD}.AppStore|ARM.Deploy.0 = Release|Any CPU
		{A681930C-8E3B-42B6-8D4C-8E84648926AD}.AppStore|iPhone.ActiveCfg = Release|Any CPU
		{A681930C-8E3B-42B6-8D4C-8E84648926AD}.AppStore|iPhone.Build.0 = Release|Any CPU
		{A681930C-8E3B-42B6-8D4C-8E84648926AD}.AppStore|iPhone.Deploy.0 = Release|Any CPU
		{A681930C-8E3B-42B6-8D4C-8E84648926AD}.AppStore|iPhoneSimulator.ActiveCfg = Release|Any CPU
		{A681930C-8E3B-42B6-8D4C-8E84648926AD}.AppStore|iPhoneSimulator.Build.0 = Release|Any CPU
		{A681930C-8E3B-42B6-8D4C-8E84648926AD}.AppStore|iPhoneSimulator.Deploy.0 = Release|Any CPU
		{A681930C-8E3B-42B6-8D4C-8E84648926AD}.AppStore|x64.ActiveCfg = Release|Any CPU
		{A681930C-8E3B-42B6-8D4C-8E84648926AD}.AppStore|x64.Build.0 = Release|Any CPU
		{A681930C-8E3B-42B6-8D4C-8E84648926AD}.AppStore|x64.Deploy.0 = Release|Any CPU
		{A681930C-8E3B-42B6-8D4C-8E84648926AD}.AppStore|x86.ActiveCfg = Release|Any CPU
		{A681930C-8E3B-42B6-8D4C-8E84648926AD}.AppStore|x86.Build.0 = Release|Any CPU
		{A681930C-8E3B-42B6-8D4C-8E84648926AD}.AppStore|x86.Deploy.0 = Release|Any CPU
		{A681930C-8E3B-42B6-8D4C-8E84648926AD}.Debug|Any CPU.ActiveCfg = Debug|Any CPU
		{A681930C-8E3B-42B6-8D4C-8E84648926AD}.Debug|Any CPU.Build.0 = Debug|Any CPU
		{A681930C-8E3B-42B6-8D4C-8E84648926AD}.Debug|Any CPU.Deploy.0 = Debug|Any CPU
		{A681930C-8E3B-42B6-8D4C-8E84648926AD}.Debug|ARM.ActiveCfg = Debug|Any CPU
		{A681930C-8E3B-42B6-8D4C-8E84648926AD}.Debug|ARM.Build.0 = Debug|Any CPU
		{A681930C-8E3B-42B6-8D4C-8E84648926AD}.Debug|ARM.Deploy.0 = Debug|Any CPU
		{A681930C-8E3B-42B6-8D4C-8E84648926AD}.Debug|iPhone.ActiveCfg = Debug|Any CPU
		{A681930C-8E3B-42B6-8D4C-8E84648926AD}.Debug|iPhone.Build.0 = Debug|Any CPU
		{A681930C-8E3B-42B6-8D4C-8E84648926AD}.Debug|iPhone.Deploy.0 = Debug|Any CPU
		{A681930C-8E3B-42B6-8D4C-8E84648926AD}.Debug|iPhoneSimulator.ActiveCfg = Debug|Any CPU
		{A681930C-8E3B-42B6-8D4C-8E84648926AD}.Debug|iPhoneSimulator.Build.0 = Debug|Any CPU
		{A681930C-8E3B-42B6-8D4C-8E84648926AD}.Debug|iPhoneSimulator.Deploy.0 = Debug|Any CPU
		{A681930C-8E3B-42B6-8D4C-8E84648926AD}.Debug|x64.ActiveCfg = Debug|Any CPU
		{A681930C-8E3B-42B6-8D4C-8E84648926AD}.Debug|x64.Build.0 = Debug|Any CPU
		{A681930C-8E3B-42B6-8D4C-8E84648926AD}.Debug|x64.Deploy.0 = Debug|Any CPU
		{A681930C-8E3B-42B6-8D4C-8E84648926AD}.Debug|x86.ActiveCfg = Debug|Any CPU
		{A681930C-8E3B-42B6-8D4C-8E84648926AD}.Debug|x86.Build.0 = Debug|Any CPU
		{A681930C-8E3B-42B6-8D4C-8E84648926AD}.Debug|x86.Deploy.0 = Debug|Any CPU
		{A681930C-8E3B-42B6-8D4C-8E84648926AD}.Release|Any CPU.ActiveCfg = Release|Any CPU
		{A681930C-8E3B-42B6-8D4C-8E84648926AD}.Release|Any CPU.Build.0 = Release|Any CPU
		{A681930C-8E3B-42B6-8D4C-8E84648926AD}.Release|Any CPU.Deploy.0 = Release|Any CPU
		{A681930C-8E3B-42B6-8D4C-8E84648926AD}.Release|ARM.ActiveCfg = Release|Any CPU
		{A681930C-8E3B-42B6-8D4C-8E84648926AD}.Release|ARM.Build.0 = Release|Any CPU
		{A681930C-8E3B-42B6-8D4C-8E84648926AD}.Release|ARM.Deploy.0 = Release|Any CPU
		{A681930C-8E3B-42B6-8D4C-8E84648926AD}.Release|iPhone.ActiveCfg = Release|Any CPU
		{A681930C-8E3B-42B6-8D4C-8E84648926AD}.Release|iPhone.Build.0 = Release|Any CPU
		{A681930C-8E3B-42B6-8D4C-8E84648926AD}.Release|iPhone.Deploy.0 = Release|Any CPU
		{A681930C-8E3B-42B6-8D4C-8E84648926AD}.Release|iPhoneSimulator.ActiveCfg = Release|Any CPU
		{A681930C-8E3B-42B6-8D4C-8E84648926AD}.Release|iPhoneSimulator.Build.0 = Release|Any CPU
		{A681930C-8E3B-42B6-8D4C-8E84648926AD}.Release|iPhoneSimulator.Deploy.0 = Release|Any CPU
		{A681930C-8E3B-42B6-8D4C-8E84648926AD}.Release|x64.ActiveCfg = Release|Any CPU
		{A681930C-8E3B-42B6-8D4C-8E84648926AD}.Release|x64.Build.0 = Release|Any CPU
		{A681930C-8E3B-42B6-8D4C-8E84648926AD}.Release|x64.Deploy.0 = Release|Any CPU
		{A681930C-8E3B-42B6-8D4C-8E84648926AD}.Release|x86.ActiveCfg = Release|Any CPU
		{A681930C-8E3B-42B6-8D4C-8E84648926AD}.Release|x86.Build.0 = Release|Any CPU
		{A681930C-8E3B-42B6-8D4C-8E84648926AD}.Release|x86.Deploy.0 = Release|Any CPU
		{D7085F70-3544-43C2-9D96-772E51FE979C}.Ad-Hoc|Any CPU.ActiveCfg = Ad-Hoc|iPhone
		{D7085F70-3544-43C2-9D96-772E51FE979C}.Ad-Hoc|ARM.ActiveCfg = Ad-Hoc|iPhone
		{D7085F70-3544-43C2-9D96-772E51FE979C}.Ad-Hoc|iPhone.ActiveCfg = Ad-Hoc|iPhone
		{D7085F70-3544-43C2-9D96-772E51FE979C}.Ad-Hoc|iPhone.Build.0 = Ad-Hoc|iPhone
		{D7085F70-3544-43C2-9D96-772E51FE979C}.Ad-Hoc|iPhoneSimulator.ActiveCfg = Ad-Hoc|iPhoneSimulator
		{D7085F70-3544-43C2-9D96-772E51FE979C}.Ad-Hoc|iPhoneSimulator.Build.0 = Ad-Hoc|iPhoneSimulator
		{D7085F70-3544-43C2-9D96-772E51FE979C}.Ad-Hoc|x64.ActiveCfg = Ad-Hoc|iPhone
		{D7085F70-3544-43C2-9D96-772E51FE979C}.Ad-Hoc|x86.ActiveCfg = Ad-Hoc|iPhone
		{D7085F70-3544-43C2-9D96-772E51FE979C}.AppStore|Any CPU.ActiveCfg = AppStore|iPhone
		{D7085F70-3544-43C2-9D96-772E51FE979C}.AppStore|ARM.ActiveCfg = AppStore|iPhone
		{D7085F70-3544-43C2-9D96-772E51FE979C}.AppStore|iPhone.ActiveCfg = AppStore|iPhone
		{D7085F70-3544-43C2-9D96-772E51FE979C}.AppStore|iPhone.Build.0 = AppStore|iPhone
		{D7085F70-3544-43C2-9D96-772E51FE979C}.AppStore|iPhoneSimulator.ActiveCfg = AppStore|iPhoneSimulator
		{D7085F70-3544-43C2-9D96-772E51FE979C}.AppStore|iPhoneSimulator.Build.0 = AppStore|iPhoneSimulator
		{D7085F70-3544-43C2-9D96-772E51FE979C}.AppStore|x64.ActiveCfg = AppStore|iPhone
		{D7085F70-3544-43C2-9D96-772E51FE979C}.AppStore|x86.ActiveCfg = AppStore|iPhone
		{D7085F70-3544-43C2-9D96-772E51FE979C}.Debug|Any CPU.ActiveCfg = Debug|iPhone
		{D7085F70-3544-43C2-9D96-772E51FE979C}.Debug|ARM.ActiveCfg = Debug|iPhone
		{D7085F70-3544-43C2-9D96-772E51FE979C}.Debug|iPhone.ActiveCfg = Debug|iPhone
		{D7085F70-3544-43C2-9D96-772E51FE979C}.Debug|iPhone.Build.0 = Debug|iPhone
		{D7085F70-3544-43C2-9D96-772E51FE979C}.Debug|iPhoneSimulator.ActiveCfg = Debug|iPhoneSimulator
		{D7085F70-3544-43C2-9D96-772E51FE979C}.Debug|iPhoneSimulator.Build.0 = Debug|iPhoneSimulator
		{D7085F70-3544-43C2-9D96-772E51FE979C}.Debug|x64.ActiveCfg = Debug|iPhone
		{D7085F70-3544-43C2-9D96-772E51FE979C}.Debug|x86.ActiveCfg = Debug|iPhone
		{D7085F70-3544-43C2-9D96-772E51FE979C}.Release|Any CPU.ActiveCfg = Release|iPhone
		{D7085F70-3544-43C2-9D96-772E51FE979C}.Release|ARM.ActiveCfg = Release|iPhone
		{D7085F70-3544-43C2-9D96-772E51FE979C}.Release|iPhone.ActiveCfg = Release|iPhone
		{D7085F70-3544-43C2-9D96-772E51FE979C}.Release|iPhone.Build.0 = Release|iPhone
		{D7085F70-3544-43C2-9D96-772E51FE979C}.Release|iPhoneSimulator.ActiveCfg = Release|iPhoneSimulator
		{D7085F70-3544-43C2-9D96-772E51FE979C}.Release|iPhoneSimulator.Build.0 = Release|iPhoneSimulator
		{D7085F70-3544-43C2-9D96-772E51FE979C}.Release|x64.ActiveCfg = Release|iPhone
		{D7085F70-3544-43C2-9D96-772E51FE979C}.Release|x86.ActiveCfg = Release|iPhone
		{FFCE5025-1CFD-4E01-AF50-CF8160345378}.Ad-Hoc|Any CPU.ActiveCfg = Release|x86
		{FFCE5025-1CFD-4E01-AF50-CF8160345378}.Ad-Hoc|Any CPU.Build.0 = Release|x86
		{FFCE5025-1CFD-4E01-AF50-CF8160345378}.Ad-Hoc|Any CPU.Deploy.0 = Release|x86
		{FFCE5025-1CFD-4E01-AF50-CF8160345378}.Ad-Hoc|ARM.ActiveCfg = Release|ARM
		{FFCE5025-1CFD-4E01-AF50-CF8160345378}.Ad-Hoc|ARM.Build.0 = Release|ARM
		{FFCE5025-1CFD-4E01-AF50-CF8160345378}.Ad-Hoc|ARM.Deploy.0 = Release|ARM
		{FFCE5025-1CFD-4E01-AF50-CF8160345378}.Ad-Hoc|iPhone.ActiveCfg = Release|x86
		{FFCE5025-1CFD-4E01-AF50-CF8160345378}.Ad-Hoc|iPhone.Build.0 = Release|x86
		{FFCE5025-1CFD-4E01-AF50-CF8160345378}.Ad-Hoc|iPhone.Deploy.0 = Release|x86
		{FFCE5025-1CFD-4E01-AF50-CF8160345378}.Ad-Hoc|iPhoneSimulator.ActiveCfg = Release|x86
		{FFCE5025-1CFD-4E01-AF50-CF8160345378}.Ad-Hoc|iPhoneSimulator.Build.0 = Release|x86
		{FFCE5025-1CFD-4E01-AF50-CF8160345378}.Ad-Hoc|iPhoneSimulator.Deploy.0 = Release|x86
		{FFCE5025-1CFD-4E01-AF50-CF8160345378}.Ad-Hoc|x64.ActiveCfg = Release|x64
		{FFCE5025-1CFD-4E01-AF50-CF8160345378}.Ad-Hoc|x64.Build.0 = Release|x64
		{FFCE5025-1CFD-4E01-AF50-CF8160345378}.Ad-Hoc|x64.Deploy.0 = Release|x64
		{FFCE5025-1CFD-4E01-AF50-CF8160345378}.Ad-Hoc|x86.ActiveCfg = Release|x86
		{FFCE5025-1CFD-4E01-AF50-CF8160345378}.Ad-Hoc|x86.Build.0 = Release|x86
		{FFCE5025-1CFD-4E01-AF50-CF8160345378}.Ad-Hoc|x86.Deploy.0 = Release|x86
		{FFCE5025-1CFD-4E01-AF50-CF8160345378}.AppStore|Any CPU.ActiveCfg = Release|x86
		{FFCE5025-1CFD-4E01-AF50-CF8160345378}.AppStore|Any CPU.Build.0 = Release|x86
		{FFCE5025-1CFD-4E01-AF50-CF8160345378}.AppStore|Any CPU.Deploy.0 = Release|x86
		{FFCE5025-1CFD-4E01-AF50-CF8160345378}.AppStore|ARM.ActiveCfg = Release|ARM
		{FFCE5025-1CFD-4E01-AF50-CF8160345378}.AppStore|ARM.Build.0 = Release|ARM
		{FFCE5025-1CFD-4E01-AF50-CF8160345378}.AppStore|ARM.Deploy.0 = Release|ARM
		{FFCE5025-1CFD-4E01-AF50-CF8160345378}.AppStore|iPhone.ActiveCfg = Release|x86
		{FFCE5025-1CFD-4E01-AF50-CF8160345378}.AppStore|iPhone.Build.0 = Release|x86
		{FFCE5025-1CFD-4E01-AF50-CF8160345378}.AppStore|iPhone.Deploy.0 = Release|x86
		{FFCE5025-1CFD-4E01-AF50-CF8160345378}.AppStore|iPhoneSimulator.ActiveCfg = Release|x86
		{FFCE5025-1CFD-4E01-AF50-CF8160345378}.AppStore|iPhoneSimulator.Build.0 = Release|x86
		{FFCE5025-1CFD-4E01-AF50-CF8160345378}.AppStore|iPhoneSimulator.Deploy.0 = Release|x86
		{FFCE5025-1CFD-4E01-AF50-CF8160345378}.AppStore|x64.ActiveCfg = Release|x64
		{FFCE5025-1CFD-4E01-AF50-CF8160345378}.AppStore|x64.Build.0 = Release|x64
		{FFCE5025-1CFD-4E01-AF50-CF8160345378}.AppStore|x64.Deploy.0 = Release|x64
		{FFCE5025-1CFD-4E01-AF50-CF8160345378}.AppStore|x86.ActiveCfg = Release|x86
		{FFCE5025-1CFD-4E01-AF50-CF8160345378}.AppStore|x86.Build.0 = Release|x86
		{FFCE5025-1CFD-4E01-AF50-CF8160345378}.AppStore|x86.Deploy.0 = Release|x86
		{FFCE5025-1CFD-4E01-AF50-CF8160345378}.Debug|Any CPU.ActiveCfg = Debug|x86
		{FFCE5025-1CFD-4E01-AF50-CF8160345378}.Debug|ARM.ActiveCfg = Debug|ARM
		{FFCE5025-1CFD-4E01-AF50-CF8160345378}.Debug|ARM.Build.0 = Debug|ARM
		{FFCE5025-1CFD-4E01-AF50-CF8160345378}.Debug|ARM.Deploy.0 = Debug|ARM
		{FFCE5025-1CFD-4E01-AF50-CF8160345378}.Debug|iPhone.ActiveCfg = Debug|x86
		{FFCE5025-1CFD-4E01-AF50-CF8160345378}.Debug|iPhoneSimulator.ActiveCfg = Debug|x86
		{FFCE5025-1CFD-4E01-AF50-CF8160345378}.Debug|x64.ActiveCfg = Debug|x64
		{FFCE5025-1CFD-4E01-AF50-CF8160345378}.Debug|x64.Build.0 = Debug|x64
		{FFCE5025-1CFD-4E01-AF50-CF8160345378}.Debug|x64.Deploy.0 = Debug|x64
		{FFCE5025-1CFD-4E01-AF50-CF8160345378}.Debug|x86.ActiveCfg = Debug|x86
		{FFCE5025-1CFD-4E01-AF50-CF8160345378}.Debug|x86.Build.0 = Debug|x86
		{FFCE5025-1CFD-4E01-AF50-CF8160345378}.Debug|x86.Deploy.0 = Debug|x86
		{FFCE5025-1CFD-4E01-AF50-CF8160345378}.Release|Any CPU.ActiveCfg = Release|x86
		{FFCE5025-1CFD-4E01-AF50-CF8160345378}.Release|ARM.ActiveCfg = Release|ARM
		{FFCE5025-1CFD-4E01-AF50-CF8160345378}.Release|ARM.Build.0 = Release|ARM
		{FFCE5025-1CFD-4E01-AF50-CF8160345378}.Release|ARM.Deploy.0 = Release|ARM
		{FFCE5025-1CFD-4E01-AF50-CF8160345378}.Release|iPhone.ActiveCfg = Release|x86
		{FFCE5025-1CFD-4E01-AF50-CF8160345378}.Release|iPhoneSimulator.ActiveCfg = Release|x86
		{FFCE5025-1CFD-4E01-AF50-CF8160345378}.Release|x64.ActiveCfg = Release|x64
		{FFCE5025-1CFD-4E01-AF50-CF8160345378}.Release|x64.Build.0 = Release|x64
		{FFCE5025-1CFD-4E01-AF50-CF8160345378}.Release|x64.Deploy.0 = Release|x64
		{FFCE5025-1CFD-4E01-AF50-CF8160345378}.Release|x86.ActiveCfg = Release|x86
		{FFCE5025-1CFD-4E01-AF50-CF8160345378}.Release|x86.Build.0 = Release|x86
		{FFCE5025-1CFD-4E01-AF50-CF8160345378}.Release|x86.Deploy.0 = Release|x86
		{7101CAB3-7F40-4043-8DE3-555FF2E1B79C}.Ad-Hoc|Any CPU.ActiveCfg = Debug|Any CPU
		{7101CAB3-7F40-4043-8DE3-555FF2E1B79C}.Ad-Hoc|Any CPU.Build.0 = Debug|Any CPU
		{7101CAB3-7F40-4043-8DE3-555FF2E1B79C}.Ad-Hoc|ARM.ActiveCfg = Debug|Any CPU
		{7101CAB3-7F40-4043-8DE3-555FF2E1B79C}.Ad-Hoc|ARM.Build.0 = Debug|Any CPU
		{7101CAB3-7F40-4043-8DE3-555FF2E1B79C}.Ad-Hoc|iPhone.ActiveCfg = Debug|Any CPU
		{7101CAB3-7F40-4043-8DE3-555FF2E1B79C}.Ad-Hoc|iPhone.Build.0 = Debug|Any CPU
		{7101CAB3-7F40-4043-8DE3-555FF2E1B79C}.Ad-Hoc|iPhoneSimulator.ActiveCfg = Debug|Any CPU
		{7101CAB3-7F40-4043-8DE3-555FF2E1B79C}.Ad-Hoc|iPhoneSimulator.Build.0 = Debug|Any CPU
		{7101CAB3-7F40-4043-8DE3-555FF2E1B79C}.Ad-Hoc|x64.ActiveCfg = Debug|Any CPU
		{7101CAB3-7F40-4043-8DE3-555FF2E1B79C}.Ad-Hoc|x64.Build.0 = Debug|Any CPU
		{7101CAB3-7F40-4043-8DE3-555FF2E1B79C}.Ad-Hoc|x86.ActiveCfg = Debug|Any CPU
		{7101CAB3-7F40-4043-8DE3-555FF2E1B79C}.Ad-Hoc|x86.Build.0 = Debug|Any CPU
		{7101CAB3-7F40-4043-8DE3-555FF2E1B79C}.AppStore|Any CPU.ActiveCfg = Debug|Any CPU
		{7101CAB3-7F40-4043-8DE3-555FF2E1B79C}.AppStore|Any CPU.Build.0 = Debug|Any CPU
		{7101CAB3-7F40-4043-8DE3-555FF2E1B79C}.AppStore|ARM.ActiveCfg = Debug|Any CPU
		{7101CAB3-7F40-4043-8DE3-555FF2E1B79C}.AppStore|ARM.Build.0 = Debug|Any CPU
		{7101CAB3-7F40-4043-8DE3-555FF2E1B79C}.AppStore|iPhone.ActiveCfg = Debug|Any CPU
		{7101CAB3-7F40-4043-8DE3-555FF2E1B79C}.AppStore|iPhone.Build.0 = Debug|Any CPU
		{7101CAB3-7F40-4043-8DE3-555FF2E1B79C}.AppStore|iPhoneSimulator.ActiveCfg = Debug|Any CPU
		{7101CAB3-7F40-4043-8DE3-555FF2E1B79C}.AppStore|iPhoneSimulator.Build.0 = Debug|Any CPU
		{7101CAB3-7F40-4043-8DE3-555FF2E1B79C}.AppStore|x64.ActiveCfg = Debug|Any CPU
		{7101CAB3-7F40-4043-8DE3-555FF2E1B79C}.AppStore|x64.Build.0 = Debug|Any CPU
		{7101CAB3-7F40-4043-8DE3-555FF2E1B79C}.AppStore|x86.ActiveCfg = Debug|Any CPU
		{7101CAB3-7F40-4043-8DE3-555FF2E1B79C}.AppStore|x86.Build.0 = Debug|Any CPU
		{7101CAB3-7F40-4043-8DE3-555FF2E1B79C}.Debug|Any CPU.ActiveCfg = Debug|Any CPU
		{7101CAB3-7F40-4043-8DE3-555FF2E1B79C}.Debug|Any CPU.Build.0 = Debug|Any CPU
		{7101CAB3-7F40-4043-8DE3-555FF2E1B79C}.Debug|ARM.ActiveCfg = Debug|Any CPU
		{7101CAB3-7F40-4043-8DE3-555FF2E1B79C}.Debug|ARM.Build.0 = Debug|Any CPU
		{7101CAB3-7F40-4043-8DE3-555FF2E1B79C}.Debug|iPhone.ActiveCfg = Debug|Any CPU
		{7101CAB3-7F40-4043-8DE3-555FF2E1B79C}.Debug|iPhone.Build.0 = Debug|Any CPU
		{7101CAB3-7F40-4043-8DE3-555FF2E1B79C}.Debug|iPhoneSimulator.ActiveCfg = Debug|Any CPU
		{7101CAB3-7F40-4043-8DE3-555FF2E1B79C}.Debug|iPhoneSimulator.Build.0 = Debug|Any CPU
		{7101CAB3-7F40-4043-8DE3-555FF2E1B79C}.Debug|x64.ActiveCfg = Debug|Any CPU
		{7101CAB3-7F40-4043-8DE3-555FF2E1B79C}.Debug|x64.Build.0 = Debug|Any CPU
		{7101CAB3-7F40-4043-8DE3-555FF2E1B79C}.Debug|x86.ActiveCfg = Debug|Any CPU
		{7101CAB3-7F40-4043-8DE3-555FF2E1B79C}.Debug|x86.Build.0 = Debug|Any CPU
		{7101CAB3-7F40-4043-8DE3-555FF2E1B79C}.Release|Any CPU.ActiveCfg = Release|Any CPU
		{7101CAB3-7F40-4043-8DE3-555FF2E1B79C}.Release|Any CPU.Build.0 = Release|Any CPU
		{7101CAB3-7F40-4043-8DE3-555FF2E1B79C}.Release|ARM.ActiveCfg = Release|Any CPU
		{7101CAB3-7F40-4043-8DE3-555FF2E1B79C}.Release|ARM.Build.0 = Release|Any CPU
		{7101CAB3-7F40-4043-8DE3-555FF2E1B79C}.Release|iPhone.ActiveCfg = Release|Any CPU
		{7101CAB3-7F40-4043-8DE3-555FF2E1B79C}.Release|iPhone.Build.0 = Release|Any CPU
		{7101CAB3-7F40-4043-8DE3-555FF2E1B79C}.Release|iPhoneSimulator.ActiveCfg = Release|Any CPU
		{7101CAB3-7F40-4043-8DE3-555FF2E1B79C}.Release|iPhoneSimulator.Build.0 = Release|Any CPU
		{7101CAB3-7F40-4043-8DE3-555FF2E1B79C}.Release|x64.ActiveCfg = Release|Any CPU
		{7101CAB3-7F40-4043-8DE3-555FF2E1B79C}.Release|x64.Build.0 = Release|Any CPU
		{7101CAB3-7F40-4043-8DE3-555FF2E1B79C}.Release|x86.ActiveCfg = Release|Any CPU
		{7101CAB3-7F40-4043-8DE3-555FF2E1B79C}.Release|x86.Build.0 = Release|Any CPU
	EndGlobalSection
	GlobalSection(SolutionProperties) = preSolution
		HideSolutionNode = FALSE
	EndGlobalSection
	GlobalSection(ExtensibilityGlobals) = postSolution
		SolutionGuid = {0EDE521E-CF90-44AB-9B06-9309DE0988D6}
	EndGlobalSection
EndGlobal
